
Microsoft Visual Studio Solution File, Format Version 12.00
# Visual Studio 15
VisualStudioVersion = 15.0.28010.2026
MinimumVisualStudioVersion = 10.0.40219.1
Project("{FAE04EC0-301F-11D3-BF4B-00C04F79EFBC}") = "APIIndicadores", "APIIndicadores\APIIndicadores.csproj", "{EA3328E2-5131-47BC-9B0E-B0AE547B929C}"
EndProject
Global
	GlobalSection(SolutionConfigurationPlatforms) = preSolution
		Debug|Any CPU = Debug|Any CPU
		Release|Any CPU = Release|Any CPU
	EndGlobalSection
	GlobalSection(ProjectConfigurationPlatforms) = postSolution
		{EA3328E2-5131-47BC-9B0E-B0AE547B929C}.Debug|Any CPU.ActiveCfg = Debug|Any CPU
		{EA3328E2-5131-47BC-9B0E-B0AE547B929C}.Debug|Any CPU.Build.0 = Debug|Any CPU
		{EA3328E2-5131-47BC-9B0E-B0AE547B929C}.Release|Any CPU.ActiveCfg = Release|Any CPU
		{EA3328E2-5131-47BC-9B0E-B0AE547B929C}.Release|Any CPU.Build.0 = Release|Any CPU
	EndGlobalSection
	GlobalSection(SolutionProperties) = preSolution
		HideSolutionNode = FALSE
	EndGlobalSection
	GlobalSection(ExtensibilityGlobals) = postSolution
		SolutionGuid = {2DD1F486-1793-4A53-BB04-2EA27A542F0A}
	EndGlobalSection
EndGlobal
